// !$*UTF8*$!
{
	archiveVersion = 1;
	classes = {
	};
	objectVersion = 55;
	objects = {

/* Begin PBXBuildFile section */
		434F671428C8EC0900013427 /* TabBarViewController.swift in Sources */ = {isa = PBXBuildFile; fileRef = 434F671328C8EC0900013427 /* TabBarViewController.swift */; };
		434F671628C9C77F00013427 /* WeeklyViewController.swift in Sources */ = {isa = PBXBuildFile; fileRef = 434F671528C9C77F00013427 /* WeeklyViewController.swift */; };
		434F671828C9C79F00013427 /* CalendarHelper.swift in Sources */ = {isa = PBXBuildFile; fileRef = 434F671728C9C79F00013427 /* CalendarHelper.swift */; };
		434F671A28C9C7B400013427 /* CalendarCell.swift in Sources */ = {isa = PBXBuildFile; fileRef = 434F671928C9C7B400013427 /* CalendarCell.swift */; };
		434F671C28C9C7D400013427 /* Event.swift in Sources */ = {isa = PBXBuildFile; fileRef = 434F671B28C9C7D400013427 /* Event.swift */; };
		434F671E28C9C7D900013427 /* EventCell.swift in Sources */ = {isa = PBXBuildFile; fileRef = 434F671D28C9C7D900013427 /* EventCell.swift */; };
		43C6FF1728CA662A006C7AD1 /* EditTableViewController.swift in Sources */ = {isa = PBXBuildFile; fileRef = 43C6FF1628CA662A006C7AD1 /* EditTableViewController.swift */; };
		43CBEF8D28C3B07B0017A197 /* Extensions.swift in Sources */ = {isa = PBXBuildFile; fileRef = 43CBEF8C28C3B07B0017A197 /* Extensions.swift */; };
		43CBEF8F28C3B0BD0017A197 /* SwiftGif.swift in Sources */ = {isa = PBXBuildFile; fileRef = 43CBEF8E28C3B0BD0017A197 /* SwiftGif.swift */; };
		DE3FC03428B3D9F90046CBD7 /* AppDelegate.swift in Sources */ = {isa = PBXBuildFile; fileRef = DE3FC03328B3D9F90046CBD7 /* AppDelegate.swift */; };
		DE3FC03628B3D9F90046CBD7 /* SceneDelegate.swift in Sources */ = {isa = PBXBuildFile; fileRef = DE3FC03528B3D9F90046CBD7 /* SceneDelegate.swift */; };
		DE3FC03828B3D9F90046CBD7 /* ViewController.swift in Sources */ = {isa = PBXBuildFile; fileRef = DE3FC03728B3D9F90046CBD7 /* ViewController.swift */; };
		DE3FC03B28B3D9F90046CBD7 /* Main.storyboard in Resources */ = {isa = PBXBuildFile; fileRef = DE3FC03928B3D9F90046CBD7 /* Main.storyboard */; };
		DE3FC03E28B3D9F90046CBD7 /* ToDoListApp.xcdatamodeld in Sources */ = {isa = PBXBuildFile; fileRef = DE3FC03C28B3D9F90046CBD7 /* ToDoListApp.xcdatamodeld */; };
		DE3FC04028B3D9FA0046CBD7 /* Assets.xcassets in Resources */ = {isa = PBXBuildFile; fileRef = DE3FC03F28B3D9FA0046CBD7 /* Assets.xcassets */; };
		DE3FC04328B3D9FA0046CBD7 /* LaunchScreen.storyboard in Resources */ = {isa = PBXBuildFile; fileRef = DE3FC04128B3D9FA0046CBD7 /* LaunchScreen.storyboard */; };
		DE3FC04C28B3DBD20046CBD7 /* ToDoListItem+CoreDataClass.swift in Sources */ = {isa = PBXBuildFile; fileRef = DE3FC04A28B3DBD20046CBD7 /* ToDoListItem+CoreDataClass.swift */; };
		DE3FC04D28B3DBD20046CBD7 /* ToDoListItem+CoreDataProperties.swift in Sources */ = {isa = PBXBuildFile; fileRef = DE3FC04B28B3DBD20046CBD7 /* ToDoListItem+CoreDataProperties.swift */; };
		DE8E27FA28BF5C17003B98B3 /* CustomTableViewCell.swift in Sources */ = {isa = PBXBuildFile; fileRef = DE8E27F928BF5C17003B98B3 /* CustomTableViewCell.swift */; };
		DE8E27FC28C08F9C003B98B3 /* EntryViewController.swift in Sources */ = {isa = PBXBuildFile; fileRef = DE8E27FB28C08F9C003B98B3 /* EntryViewController.swift */; };
		DE8E280028C0DFAD003B98B3 /* EditViewController.swift in Sources */ = {isa = PBXBuildFile; fileRef = DE8E27FF28C0DFAD003B98B3 /* EditViewController.swift */; };
/* End PBXBuildFile section */

/* Begin PBXFileReference section */
		434F671328C8EC0900013427 /* TabBarViewController.swift */ = {isa = PBXFileReference; lastKnownFileType = sourcecode.swift; path = TabBarViewController.swift; sourceTree = "<group>"; };
		434F671528C9C77F00013427 /* WeeklyViewController.swift */ = {isa = PBXFileReference; fileEncoding = 4; lastKnownFileType = sourcecode.swift; path = WeeklyViewController.swift; sourceTree = "<group>"; };
		434F671728C9C79F00013427 /* CalendarHelper.swift */ = {isa = PBXFileReference; fileEncoding = 4; lastKnownFileType = sourcecode.swift; path = CalendarHelper.swift; sourceTree = "<group>"; };
		434F671928C9C7B400013427 /* CalendarCell.swift */ = {isa = PBXFileReference; fileEncoding = 4; lastKnownFileType = sourcecode.swift; path = CalendarCell.swift; sourceTree = "<group>"; };
		434F671B28C9C7D400013427 /* Event.swift */ = {isa = PBXFileReference; fileEncoding = 4; lastKnownFileType = sourcecode.swift; path = Event.swift; sourceTree = "<group>"; };
		434F671D28C9C7D900013427 /* EventCell.swift */ = {isa = PBXFileReference; fileEncoding = 4; lastKnownFileType = sourcecode.swift; path = EventCell.swift; sourceTree = "<group>"; };
		43C6FF1628CA662A006C7AD1 /* EditTableViewController.swift */ = {isa = PBXFileReference; lastKnownFileType = sourcecode.swift; path = EditTableViewController.swift; sourceTree = "<group>"; };
		43CBEF8C28C3B07B0017A197 /* Extensions.swift */ = {isa = PBXFileReference; lastKnownFileType = sourcecode.swift; path = Extensions.swift; sourceTree = "<group>"; };
		43CBEF8E28C3B0BD0017A197 /* SwiftGif.swift */ = {isa = PBXFileReference; lastKnownFileType = sourcecode.swift; path = SwiftGif.swift; sourceTree = "<group>"; };
		DE3FC03028B3D9F90046CBD7 /* ToDoListApp.app */ = {isa = PBXFileReference; explicitFileType = wrapper.application; includeInIndex = 0; path = ToDoListApp.app; sourceTree = BUILT_PRODUCTS_DIR; };
		DE3FC03328B3D9F90046CBD7 /* AppDelegate.swift */ = {isa = PBXFileReference; lastKnownFileType = sourcecode.swift; path = AppDelegate.swift; sourceTree = "<group>"; };
		DE3FC03528B3D9F90046CBD7 /* SceneDelegate.swift */ = {isa = PBXFileReference; lastKnownFileType = sourcecode.swift; path = SceneDelegate.swift; sourceTree = "<group>"; };
		DE3FC03728B3D9F90046CBD7 /* ViewController.swift */ = {isa = PBXFileReference; lastKnownFileType = sourcecode.swift; path = ViewController.swift; sourceTree = "<group>"; };
		DE3FC03A28B3D9F90046CBD7 /* Base */ = {isa = PBXFileReference; lastKnownFileType = file.storyboard; name = Base; path = Base.lproj/Main.storyboard; sourceTree = "<group>"; };
		DE3FC03D28B3D9F90046CBD7 /* ToDoListApp.xcdatamodel */ = {isa = PBXFileReference; lastKnownFileType = wrapper.xcdatamodel; path = ToDoListApp.xcdatamodel; sourceTree = "<group>"; };
		DE3FC03F28B3D9FA0046CBD7 /* Assets.xcassets */ = {isa = PBXFileReference; lastKnownFileType = folder.assetcatalog; path = Assets.xcassets; sourceTree = "<group>"; };
		DE3FC04228B3D9FA0046CBD7 /* Base */ = {isa = PBXFileReference; lastKnownFileType = file.storyboard; name = Base; path = Base.lproj/LaunchScreen.storyboard; sourceTree = "<group>"; };
		DE3FC04428B3D9FA0046CBD7 /* Info.plist */ = {isa = PBXFileReference; lastKnownFileType = text.plist.xml; path = Info.plist; sourceTree = "<group>"; };
		DE3FC04A28B3DBD20046CBD7 /* ToDoListItem+CoreDataClass.swift */ = {isa = PBXFileReference; lastKnownFileType = sourcecode.swift; path = "ToDoListItem+CoreDataClass.swift"; sourceTree = "<group>"; };
		DE3FC04B28B3DBD20046CBD7 /* ToDoListItem+CoreDataProperties.swift */ = {isa = PBXFileReference; lastKnownFileType = sourcecode.swift; path = "ToDoListItem+CoreDataProperties.swift"; sourceTree = "<group>"; };
		DE8E27F928BF5C17003B98B3 /* CustomTableViewCell.swift */ = {isa = PBXFileReference; lastKnownFileType = sourcecode.swift; path = CustomTableViewCell.swift; sourceTree = "<group>"; };
		DE8E27FB28C08F9C003B98B3 /* EntryViewController.swift */ = {isa = PBXFileReference; lastKnownFileType = sourcecode.swift; path = EntryViewController.swift; sourceTree = "<group>"; };
		DE8E27FF28C0DFAD003B98B3 /* EditViewController.swift */ = {isa = PBXFileReference; lastKnownFileType = sourcecode.swift; path = EditViewController.swift; sourceTree = "<group>"; };
/* End PBXFileReference section */

/* Begin PBXFrameworksBuildPhase section */
		DE3FC02D28B3D9F90046CBD7 /* Frameworks */ = {
			isa = PBXFrameworksBuildPhase;
			buildActionMask = 2147483647;
			files = (
			);
			runOnlyForDeploymentPostprocessing = 0;
		};
/* End PBXFrameworksBuildPhase section */

/* Begin PBXGroup section */
		43CBEF8B28C3B0600017A197 /* Utils */ = {
			isa = PBXGroup;
			children = (
				43CBEF8C28C3B07B0017A197 /* Extensions.swift */,
				43CBEF8E28C3B0BD0017A197 /* SwiftGif.swift */,
			);
			path = Utils;
			sourceTree = "<group>";
		};
		43CBEF9128C3B2060017A197 /* Model */ = {
			isa = PBXGroup;
			children = (
				DE3FC04E28B3DC810046CBD7 /* ToDoListItem */,
			);
			path = Model;
			sourceTree = "<group>";
		};
		43CBEF9228C3B22B0017A197 /* View */ = {
			isa = PBXGroup;
			children = (
				DE3FC04128B3D9FA0046CBD7 /* LaunchScreen.storyboard */,
				DE3FC03928B3D9F90046CBD7 /* Main.storyboard */,
			);
			path = View;
			sourceTree = "<group>";
		};
		43CBEF9328C3B2320017A197 /* Controller */ = {
			isa = PBXGroup;
			children = (
				434F671528C9C77F00013427 /* WeeklyViewController.swift */,
				DE3FC03728B3D9F90046CBD7 /* ViewController.swift */,
				DE8E27FB28C08F9C003B98B3 /* EntryViewController.swift */,
				DE8E27F928BF5C17003B98B3 /* CustomTableViewCell.swift */,
				DE8E27FF28C0DFAD003B98B3 /* EditViewController.swift */,
				434F671328C8EC0900013427 /* TabBarViewController.swift */,
			);
			path = Controller;
			sourceTree = "<group>";
		};
		DE3FC02728B3D9F90046CBD7 = {
			isa = PBXGroup;
			children = (
				DE3FC03228B3D9F90046CBD7 /* ToDoListApp */,
				DE3FC03128B3D9F90046CBD7 /* Products */,
			);
			sourceTree = "<group>";
		};
		DE3FC03128B3D9F90046CBD7 /* Products */ = {
			isa = PBXGroup;
			children = (
				DE3FC03028B3D9F90046CBD7 /* ToDoListApp.app */,
			);
			name = Products;
			sourceTree = "<group>";
		};
		DE3FC03228B3D9F90046CBD7 /* ToDoListApp */ = {
			isa = PBXGroup;
			children = (
				434F671928C9C7B400013427 /* CalendarCell.swift */,
				434F671728C9C79F00013427 /* CalendarHelper.swift */,
				DE3FC03328B3D9F90046CBD7 /* AppDelegate.swift */,
				434F671B28C9C7D400013427 /* Event.swift */,
				434F671D28C9C7D900013427 /* EventCell.swift */,
				DE3FC03528B3D9F90046CBD7 /* SceneDelegate.swift */,
				43CBEF9328C3B2320017A197 /* Controller */,
				43CBEF9228C3B22B0017A197 /* View */,
				43CBEF9128C3B2060017A197 /* Model */,
				43CBEF8B28C3B0600017A197 /* Utils */,
				DE3FC03F28B3D9FA0046CBD7 /* Assets.xcassets */,
				DE3FC04428B3D9FA0046CBD7 /* Info.plist */,
				DE3FC03C28B3D9F90046CBD7 /* ToDoListApp.xcdatamodeld */,
				43C6FF1628CA662A006C7AD1 /* EditTableViewController.swift */,
			);
			path = ToDoListApp;
			sourceTree = "<group>";
		};
		DE3FC04E28B3DC810046CBD7 /* ToDoListItem */ = {
			isa = PBXGroup;
			children = (
				DE3FC04A28B3DBD20046CBD7 /* ToDoListItem+CoreDataClass.swift */,
				DE3FC04B28B3DBD20046CBD7 /* ToDoListItem+CoreDataProperties.swift */,
			);
			path = ToDoListItem;
			sourceTree = "<group>";
		};
/* End PBXGroup section */

/* Begin PBXNativeTarget section */
		DE3FC02F28B3D9F90046CBD7 /* ToDoListApp */ = {
			isa = PBXNativeTarget;
			buildConfigurationList = DE3FC04728B3D9FA0046CBD7 /* Build configuration list for PBXNativeTarget "ToDoListApp" */;
			buildPhases = (
				DE3FC02C28B3D9F90046CBD7 /* Sources */,
				DE3FC02D28B3D9F90046CBD7 /* Frameworks */,
				DE3FC02E28B3D9F90046CBD7 /* Resources */,
			);
			buildRules = (
			);
			dependencies = (
			);
			name = ToDoListApp;
			productName = ToDoListApp;
			productReference = DE3FC03028B3D9F90046CBD7 /* ToDoListApp.app */;
			productType = "com.apple.product-type.application";
		};
/* End PBXNativeTarget section */

/* Begin PBXProject section */
		DE3FC02828B3D9F90046CBD7 /* Project object */ = {
			isa = PBXProject;
			attributes = {
				BuildIndependentTargetsInParallel = 1;
				LastSwiftUpdateCheck = 1340;
				LastUpgradeCheck = 1340;
				TargetAttributes = {
					DE3FC02F28B3D9F90046CBD7 = {
						CreatedOnToolsVersion = 13.4.1;
					};
				};
			};
			buildConfigurationList = DE3FC02B28B3D9F90046CBD7 /* Build configuration list for PBXProject "ToDoListApp" */;
			compatibilityVersion = "Xcode 13.0";
			developmentRegion = en;
			hasScannedForEncodings = 0;
			knownRegions = (
				en,
				Base,
			);
			mainGroup = DE3FC02728B3D9F90046CBD7;
			productRefGroup = DE3FC03128B3D9F90046CBD7 /* Products */;
			projectDirPath = "";
			projectRoot = "";
			targets = (
				DE3FC02F28B3D9F90046CBD7 /* ToDoListApp */,
			);
		};
/* End PBXProject section */

/* Begin PBXResourcesBuildPhase section */
		DE3FC02E28B3D9F90046CBD7 /* Resources */ = {
			isa = PBXResourcesBuildPhase;
			buildActionMask = 2147483647;
			files = (
				DE3FC04328B3D9FA0046CBD7 /* LaunchScreen.storyboard in Resources */,
				DE3FC04028B3D9FA0046CBD7 /* Assets.xcassets in Resources */,
				DE3FC03B28B3D9F90046CBD7 /* Main.storyboard in Resources */,
			);
			runOnlyForDeploymentPostprocessing = 0;
		};
/* End PBXResourcesBuildPhase section */

/* Begin PBXSourcesBuildPhase section */
		DE3FC02C28B3D9F90046CBD7 /* Sources */ = {
			isa = PBXSourcesBuildPhase;
			buildActionMask = 2147483647;
			files = (
				43CBEF8F28C3B0BD0017A197 /* SwiftGif.swift in Sources */,
				43C6FF1728CA662A006C7AD1 /* EditTableViewController.swift in Sources */,
				DE8E280028C0DFAD003B98B3 /* EditViewController.swift in Sources */,
				DE3FC03828B3D9F90046CBD7 /* ViewController.swift in Sources */,
				DE3FC03428B3D9F90046CBD7 /* AppDelegate.swift in Sources */,
				DE3FC03628B3D9F90046CBD7 /* SceneDelegate.swift in Sources */,
				DE8E27FA28BF5C17003B98B3 /* CustomTableViewCell.swift in Sources */,
				DE3FC04C28B3DBD20046CBD7 /* ToDoListItem+CoreDataClass.swift in Sources */,
				434F671A28C9C7B400013427 /* CalendarCell.swift in Sources */,
				434F671C28C9C7D400013427 /* Event.swift in Sources */,
				434F671628C9C77F00013427 /* WeeklyViewController.swift in Sources */,
				434F671E28C9C7D900013427 /* EventCell.swift in Sources */,
				DE8E27FC28C08F9C003B98B3 /* EntryViewController.swift in Sources */,
				DE3FC04D28B3DBD20046CBD7 /* ToDoListItem+CoreDataProperties.swift in Sources */,
				434F671828C9C79F00013427 /* CalendarHelper.swift in Sources */,
				DE3FC03E28B3D9F90046CBD7 /* ToDoListApp.xcdatamodeld in Sources */,
				434F671428C8EC0900013427 /* TabBarViewController.swift in Sources */,
				43CBEF8D28C3B07B0017A197 /* Extensions.swift in Sources */,
			);
			runOnlyForDeploymentPostprocessing = 0;
		};
/* End PBXSourcesBuildPhase section */

/* Begin PBXVariantGroup section */
		DE3FC03928B3D9F90046CBD7 /* Main.storyboard */ = {
			isa = PBXVariantGroup;
			children = (
				DE3FC03A28B3D9F90046CBD7 /* Base */,
			);
			name = Main.storyboard;
			sourceTree = "<group>";
		};
		DE3FC04128B3D9FA0046CBD7 /* LaunchScreen.storyboard */ = {
			isa = PBXVariantGroup;
			children = (
				DE3FC04228B3D9FA0046CBD7 /* Base */,
			);
			name = LaunchScreen.storyboard;
			sourceTree = "<group>";
		};
/* End PBXVariantGroup section */

/* Begin XCBuildConfiguration section */
		DE3FC04528B3D9FA0046CBD7 /* Debug */ = {
			isa = XCBuildConfiguration;
			buildSettings = {
				ALWAYS_SEARCH_USER_PATHS = NO;
				CLANG_ANALYZER_NONNULL = YES;
				CLANG_ANALYZER_NUMBER_OBJECT_CONVERSION = YES_AGGRESSIVE;
				CLANG_CXX_LANGUAGE_STANDARD = "gnu++17";
				CLANG_ENABLE_MODULES = YES;
				CLANG_ENABLE_OBJC_ARC = YES;
				CLANG_ENABLE_OBJC_WEAK = YES;
				CLANG_WARN_BLOCK_CAPTURE_AUTORELEASING = YES;
				CLANG_WARN_BOOL_CONVERSION = YES;
				CLANG_WARN_COMMA = YES;
				CLANG_WARN_CONSTANT_CONVERSION = YES;
				CLANG_WARN_DEPRECATED_OBJC_IMPLEMENTATIONS = YES;
				CLANG_WARN_DIRECT_OBJC_ISA_USAGE = YES_ERROR;
				CLANG_WARN_DOCUMENTATION_COMMENTS = YES;
				CLANG_WARN_EMPTY_BODY = YES;
				CLANG_WARN_ENUM_CONVERSION = YES;
				CLANG_WARN_INFINITE_RECURSION = YES;
				CLANG_WARN_INT_CONVERSION = YES;
				CLANG_WARN_NON_LITERAL_NULL_CONVERSION = YES;
				CLANG_WARN_OBJC_IMPLICIT_RETAIN_SELF = YES;
				CLANG_WARN_OBJC_LITERAL_CONVERSION = YES;
				CLANG_WARN_OBJC_ROOT_CLASS = YES_ERROR;
				CLANG_WARN_QUOTED_INCLUDE_IN_FRAMEWORK_HEADER = YES;
				CLANG_WARN_RANGE_LOOP_ANALYSIS = YES;
				CLANG_WARN_STRICT_PROTOTYPES = YES;
				CLANG_WARN_SUSPICIOUS_MOVE = YES;
				CLANG_WARN_UNGUARDED_AVAILABILITY = YES_AGGRESSIVE;
				CLANG_WARN_UNREACHABLE_CODE = YES;
				CLANG_WARN__DUPLICATE_METHOD_MATCH = YES;
				COPY_PHASE_STRIP = NO;
				DEBUG_INFORMATION_FORMAT = dwarf;
				ENABLE_STRICT_OBJC_MSGSEND = YES;
				ENABLE_TESTABILITY = YES;
				GCC_C_LANGUAGE_STANDARD = gnu11;
				GCC_DYNAMIC_NO_PIC = NO;
				GCC_NO_COMMON_BLOCKS = YES;
				GCC_OPTIMIZATION_LEVEL = 0;
				GCC_PREPROCESSOR_DEFINITIONS = (
					"DEBUG=1",
					"$(inherited)",
				);
				GCC_WARN_64_TO_32_BIT_CONVERSION = YES;
				GCC_WARN_ABOUT_RETURN_TYPE = YES_ERROR;
				GCC_WARN_UNDECLARED_SELECTOR = YES;
				GCC_WARN_UNINITIALIZED_AUTOS = YES_AGGRESSIVE;
				GCC_WARN_UNUSED_FUNCTION = YES;
				GCC_WARN_UNUSED_VARIABLE = YES;
				IPHONEOS_DEPLOYMENT_TARGET = 15.5;
				MTL_ENABLE_DEBUG_INFO = INCLUDE_SOURCE;
				MTL_FAST_MATH = YES;
				ONLY_ACTIVE_ARCH = YES;
				SDKROOT = iphoneos;
				SWIFT_ACTIVE_COMPILATION_CONDITIONS = DEBUG;
				SWIFT_OPTIMIZATION_LEVEL = "-Onone";
			};
			name = Debug;
		};
		DE3FC04628B3D9FA0046CBD7 /* Release */ = {
			isa = XCBuildConfiguration;
			buildSettings = {
				ALWAYS_SEARCH_USER_PATHS = NO;
				CLANG_ANALYZER_NONNULL = YES;
				CLANG_ANALYZER_NUMBER_OBJECT_CONVERSION = YES_AGGRESSIVE;
				CLANG_CXX_LANGUAGE_STANDARD = "gnu++17";
				CLANG_ENABLE_MODULES = YES;
				CLANG_ENABLE_OBJC_ARC = YES;
				CLANG_ENABLE_OBJC_WEAK = YES;
				CLANG_WARN_BLOCK_CAPTURE_AUTORELEASING = YES;
				CLANG_WARN_BOOL_CONVERSION = YES;
				CLANG_WARN_COMMA = YES;
				CLANG_WARN_CONSTANT_CONVERSION = YES;
				CLANG_WARN_DEPRECATED_OBJC_IMPLEMENTATIONS = YES;
				CLANG_WARN_DIRECT_OBJC_ISA_USAGE = YES_ERROR;
				CLANG_WARN_DOCUMENTATION_COMMENTS = YES;
				CLANG_WARN_EMPTY_BODY = YES;
				CLANG_WARN_ENUM_CONVERSION = YES;
				CLANG_WARN_INFINITE_RECURSION = YES;
				CLANG_WARN_INT_CONVERSION = YES;
				CLANG_WARN_NON_LITERAL_NULL_CONVERSION = YES;
				CLANG_WARN_OBJC_IMPLICIT_RETAIN_SELF = YES;
				CLANG_WARN_OBJC_LITERAL_CONVERSION = YES;
				CLANG_WARN_OBJC_ROOT_CLASS = YES_ERROR;
				CLANG_WARN_QUOTED_INCLUDE_IN_FRAMEWORK_HEADER = YES;
				CLANG_WARN_RANGE_LOOP_ANALYSIS = YES;
				CLANG_WARN_STRICT_PROTOTYPES = YES;
				CLANG_WARN_SUSPICIOUS_MOVE = YES;
				CLANG_WARN_UNGUARDED_AVAILABILITY = YES_AGGRESSIVE;
				CLANG_WARN_UNREACHABLE_CODE = YES;
				CLANG_WARN__DUPLICATE_METHOD_MATCH = YES;
				COPY_PHASE_STRIP = NO;
				DEBUG_INFORMATION_FORMAT = "dwarf-with-dsym";
				ENABLE_NS_ASSERTIONS = NO;
				ENABLE_STRICT_OBJC_MSGSEND = YES;
				GCC_C_LANGUAGE_STANDARD = gnu11;
				GCC_NO_COMMON_BLOCKS = YES;
				GCC_WARN_64_TO_32_BIT_CONVERSION = YES;
				GCC_WARN_ABOUT_RETURN_TYPE = YES_ERROR;
				GCC_WARN_UNDECLARED_SELECTOR = YES;
				GCC_WARN_UNINITIALIZED_AUTOS = YES_AGGRESSIVE;
				GCC_WARN_UNUSED_FUNCTION = YES;
				GCC_WARN_UNUSED_VARIABLE = YES;
				IPHONEOS_DEPLOYMENT_TARGET = 15.5;
				MTL_ENABLE_DEBUG_INFO = NO;
				MTL_FAST_MATH = YES;
				SDKROOT = iphoneos;
				SWIFT_COMPILATION_MODE = wholemodule;
				SWIFT_OPTIMIZATION_LEVEL = "-O";
				VALIDATE_PRODUCT = YES;
			};
			name = Release;
		};
		DE3FC04828B3D9FA0046CBD7 /* Debug */ = {
			isa = XCBuildConfiguration;
			buildSettings = {
				ASSETCATALOG_COMPILER_APPICON_NAME = AppIcon;
				ASSETCATALOG_COMPILER_GLOBAL_ACCENT_COLOR_NAME = AccentColor;
				CODE_SIGN_STYLE = Automatic;
				CURRENT_PROJECT_VERSION = 1;
				DEVELOPMENT_TEAM = 9KS3545SC8;
				GENERATE_INFOPLIST_FILE = YES;
				INFOPLIST_FILE = ToDoListApp/Info.plist;
				INFOPLIST_KEY_UIApplicationSupportsIndirectInputEvents = YES;
				INFOPLIST_KEY_UILaunchStoryboardName = LaunchScreen;
				INFOPLIST_KEY_UIMainStoryboardFile = Main;
				INFOPLIST_KEY_UISupportedInterfaceOrientations_iPad = "UIInterfaceOrientationPortrait UIInterfaceOrientationPortraitUpsideDown UIInterfaceOrientationLandscapeLeft UIInterfaceOrientationLandscapeRight";
				INFOPLIST_KEY_UISupportedInterfaceOrientations_iPhone = "UIInterfaceOrientationPortrait UIInterfaceOrientationLandscapeLeft UIInterfaceOrientationLandscapeRight";
				LD_RUNPATH_SEARCH_PATHS = (
					"$(inherited)",
					"@executable_path/Frameworks",
				);
				MARKETING_VERSION = 1.0;
				PRODUCT_BUNDLE_IDENTIFIER = e.ToDoListApp;
				PRODUCT_NAME = "$(TARGET_NAME)";
				SWIFT_EMIT_LOC_STRINGS = YES;
				SWIFT_VERSION = 5.0;
				TARGETED_DEVICE_FAMILY = "1,2";
			};
			name = Debug;
		};
		DE3FC04928B3D9FA0046CBD7 /* Release */ = {
			isa = XCBuildConfiguration;
			buildSettings = {
				ASSETCATALOG_COMPILER_APPICON_NAME = AppIcon;
				ASSETCATALOG_COMPILER_GLOBAL_ACCENT_COLOR_NAME = AccentColor;
				CODE_SIGN_STYLE = Automatic;
				CURRENT_PROJECT_VERSION = 1;
				DEVELOPMENT_TEAM = 9KS3545SC8;
				GENERATE_INFOPLIST_FILE = YES;
				INFOPLIST_FILE = ToDoListApp/Info.plist;
				INFOPLIST_KEY_UIApplicationSupportsIndirectInputEvents = YES;
				INFOPLIST_KEY_UILaunchStoryboardName = LaunchScreen;
				INFOPLIST_KEY_UIMainStoryboardFile = Main;
				INFOPLIST_KEY_UISupportedInterfaceOrientations_iPad = "UIInterfaceOrientationPortrait UIInterfaceOrientationPortraitUpsideDown UIInterfaceOrientationLandscapeLeft UIInterfaceOrientationLandscapeRight";
				INFOPLIST_KEY_UISupportedInterfaceOrientations_iPhone = "UIInterfaceOrientationPortrait UIInterfaceOrientationLandscapeLeft UIInterfaceOrientationLandscapeRight";
				LD_RUNPATH_SEARCH_PATHS = (
					"$(inherited)",
					"@executable_path/Frameworks",
				);
				MARKETING_VERSION = 1.0;
				PRODUCT_BUNDLE_IDENTIFIER = e.ToDoListApp;
				PRODUCT_NAME = "$(TARGET_NAME)";
				SWIFT_EMIT_LOC_STRINGS = YES;
				SWIFT_VERSION = 5.0;
				TARGETED_DEVICE_FAMILY = "1,2";
			};
			name = Release;
		};
/* End XCBuildConfiguration section */

/* Begin XCConfigurationList section */
		DE3FC02B28B3D9F90046CBD7 /* Build configuration list for PBXProject "ToDoListApp" */ = {
			isa = XCConfigurationList;
			buildConfigurations = (
				DE3FC04528B3D9FA0046CBD7 /* Debug */,
				DE3FC04628B3D9FA0046CBD7 /* Release */,
			);
			defaultConfigurationIsVisible = 0;
			defaultConfigurationName = Release;
		};
		DE3FC04728B3D9FA0046CBD7 /* Build configuration list for PBXNativeTarget "ToDoListApp" */ = {
			isa = XCConfigurationList;
			buildConfigurations = (
				DE3FC04828B3D9FA0046CBD7 /* Debug */,
				DE3FC04928B3D9FA0046CBD7 /* Release */,
			);
			defaultConfigurationIsVisible = 0;
			defaultConfigurationName = Release;
		};
/* End XCConfigurationList section */

/* Begin XCVersionGroup section */
		DE3FC03C28B3D9F90046CBD7 /* ToDoListApp.xcdatamodeld */ = {
			isa = XCVersionGroup;
			children = (
				DE3FC03D28B3D9F90046CBD7 /* ToDoListApp.xcdatamodel */,
			);
			currentVersion = DE3FC03D28B3D9F90046CBD7 /* ToDoListApp.xcdatamodel */;
			path = ToDoListApp.xcdatamodeld;
			sourceTree = "<group>";
			versionGroupType = wrapper.xcdatamodel;
		};
/* End XCVersionGroup section */
	};
	rootObject = DE3FC02828B3D9F90046CBD7 /* Project object */;
}
